{
  "name": "sod-ecosystem",
  "version": "3.9999.0",
  "lockfileVersion": 3,
  "requires": true,
  "packages": {
    "": {
      "name": "sod-ecosystem",
      "version": "3.9999.0",
      "engines": {
        "node": ">=20"
      },
      "description": "SØD Ecosystem V3.9999 — carcasa visual final pre-backend: producto curado, estado local funcional, mobile/desktop, QA y contratos listos para V4"
    }
  }
}
